
Microsoft Visual Studio Solution File, Format Version 12.00
# Visual Studio Version 16
VisualStudioVersion = 16.0.31321.278
MinimumVisualStudioVersion = 10.0.40219.1
Project("{FAE04EC0-301F-11D3-BF4B-00C04F79EFBC}") = "Controle-Acessos-Umuarama", "Controle-Acessos-Umuarama\Controle-Acessos-Umuarama.csproj", "{8C422E57-72D6-4950-AB52-DCAC43C2AD0C}"
EndProject
Global
	GlobalSection(SolutionConfigurationPlatforms) = preSolution
		Debug|Any CPU = Debug|Any CPU
		Release|Any CPU = Release|Any CPU
	EndGlobalSection
	GlobalSection(ProjectConfigurationPlatforms) = postSolution
		{8C422E57-72D6-4950-AB52-DCAC43C2AD0C}.Debug|Any CPU.ActiveCfg = Debug|Any CPU
		{8C422E57-72D6-4950-AB52-DCAC43C2AD0C}.Debug|Any CPU.Build.0 = Debug|Any CPU
		{8C422E57-72D6-4950-AB52-DCAC43C2AD0C}.Release|Any CPU.ActiveCfg = Release|Any CPU
		{8C422E57-72D6-4950-AB52-DCAC43C2AD0C}.Release|Any CPU.Build.0 = Release|Any CPU
	EndGlobalSection
	GlobalSection(SolutionProperties) = preSolution
		HideSolutionNode = FALSE
	EndGlobalSection
	GlobalSection(ExtensibilityGlobals) = postSolution
		SolutionGuid = {3BD74528-1B47-4947-9649-0BD7B21D7AFC}
	EndGlobalSection
EndGlobal
